{
  "originHash" : "be128ca23c2740bf91cf2ba6714771454c7f07de5f668cf04c2031f834a950a5",
  "pins" : [
    {
      "identity" : "fathom",
      "kind" : "remoteSourceControl",
      "location" : "https://github.com/paean-ai/Fathom.git",
      "state" : {
        "revision" : "3b5cf6fd5b12e63d1546f701ce0f6dd9349916c6",
        "version" : "0.3.0"
      }
    }
  ],
  "version" : 3
}
