{
  "originHash" : "91bcef0ff92b395c0d12e23cd4764adfeb94e221f01a0c8b5ec8bd8d3b660229",
  "pins" : [
    {
      "identity" : "fathom",
      "kind" : "remoteSourceControl",
      "location" : "https://github.com/paean-ai/Fathom.git",
      "state" : {
        "revision" : "086e557ce774350f8f5e831d2cc0ac41f7ec5fbe",
        "version" : "0.5.0"
      }
    }
  ],
  "version" : 3
}
